
Microsoft Visual Studio Solution File, Format Version 12.00
# Visual Studio 15
VisualStudioVersion = 15.0.28307.2092
MinimumVisualStudioVersion = 10.0.40219.1
Project("{FAE04EC0-301F-11D3-BF4B-00C04F79EFBC}") = "HelloWorld", "HelloWorld\HelloWorld.csproj", "{526AF6A1-F365-4ADC-AA09-679198FFF874}"
EndProject
Global
	GlobalSection(SolutionConfigurationPlatforms) = preSolution
		Debug|Any CPU = Debug|Any CPU
		Release|Any CPU = Release|Any CPU
	EndGlobalSection
	GlobalSection(ProjectConfigurationPlatforms) = postSolution
		{526AF6A1-F365-4ADC-AA09-679198FFF874}.Debug|Any CPU.ActiveCfg = Debug|Any CPU
		{526AF6A1-F365-4ADC-AA09-679198FFF874}.Debug|Any CPU.Build.0 = Debug|Any CPU
		{526AF6A1-F365-4ADC-AA09-679198FFF874}.Release|Any CPU.ActiveCfg = Release|Any CPU
		{526AF6A1-F365-4ADC-AA09-679198FFF874}.Release|Any CPU.Build.0 = Release|Any CPU
	EndGlobalSection
	GlobalSection(SolutionProperties) = preSolution
		HideSolutionNode = FALSE
	EndGlobalSection
	GlobalSection(ExtensibilityGlobals) = postSolution
		SolutionGuid = {6C0EFA4B-938C-4AF8-BB8F-8292D2ACE9CD}
	EndGlobalSection
EndGlobal
